
Microsoft Visual Studio Solution File, Format Version 12.00
# Visual Studio 15
VisualStudioVersion = 15.0.27703.2035
MinimumVisualStudioVersion = 10.0.40219.1
Project("{FAE04EC0-301F-11D3-BF4B-00C04F79EFBC}") = "Date", "Date\Date.csproj", "{530C9164-F0D7-41AC-B9AE-78D23AFDD76D}"
EndProject
Global
	GlobalSection(SolutionConfigurationPlatforms) = preSolution
		Debug|Any CPU = Debug|Any CPU
		Release|Any CPU = Release|Any CPU
	EndGlobalSection
	GlobalSection(ProjectConfigurationPlatforms) = postSolution
		{530C9164-F0D7-41AC-B9AE-78D23AFDD76D}.Debug|Any CPU.ActiveCfg = Debug|Any CPU
		{530C9164-F0D7-41AC-B9AE-78D23AFDD76D}.Debug|Any CPU.Build.0 = Debug|Any CPU
		{530C9164-F0D7-41AC-B9AE-78D23AFDD76D}.Release|Any CPU.ActiveCfg = Release|Any CPU
		{530C9164-F0D7-41AC-B9AE-78D23AFDD76D}.Release|Any CPU.Build.0 = Release|Any CPU
	EndGlobalSection
	GlobalSection(SolutionProperties) = preSolution
		HideSolutionNode = FALSE
	EndGlobalSection
	GlobalSection(ExtensibilityGlobals) = postSolution
		SolutionGuid = {AA3493C7-7F8D-4B34-8DB4-4C15B6E27208}
	EndGlobalSection
EndGlobal
